// !$*UTF8*$!
{
	archiveVersion = 1;
	classes = {
	};
	objectVersion = 46;
	objects = {

/* Begin PBXBuildFile section */
		D98495A81B094F8500A8B745 /* main.m in Sources */ = {isa = PBXBuildFile; fileRef = D98495A71B094F8500A8B745 /* main.m */; };
		D98495AB1B094F8500A8B745 /* AppDelegate.m in Sources */ = {isa = PBXBuildFile; fileRef = D98495AA1B094F8500A8B745 /* AppDelegate.m */; };
		D98495AE1B094F8500A8B745 /* ViewController.m in Sources */ = {isa = PBXBuildFile; fileRef = D98495AD1B094F8500A8B745 /* ViewController.m */; };
		D98495B11B094F8500A8B745 /* Main.storyboard in Resources */ = {isa = PBXBuildFile; fileRef = D98495AF1B094F8500A8B745 /* Main.storyboard */; };
		D98495B31B094F8500A8B745 /* Images.xcassets in Resources */ = {isa = PBXBuildFile; fileRef = D98495B21B094F8500A8B745 /* Images.xcassets */; };
		D98495B61B094F8500A8B745 /* LaunchScreen.xib in Resources */ = {isa = PBXBuildFile; fileRef = D98495B41B094F8500A8B745 /* LaunchScreen.xib */; };
		D98495C21B094F8500A8B745 /* BitBoardiOSTests.m in Sources */ = {isa = PBXBuildFile; fileRef = D98495C11B094F8500A8B745 /* BitBoardiOSTests.m */; };
		D98495CD1B0955A400A8B745 /* CanvasViewController.m in Sources */ = {isa = PBXBuildFile; fileRef = D98495CC1B0955A400A8B745 /* CanvasViewController.m */; };
		D98495CF1B09561900A8B745 /* JoinViewController.m in Sources */ = {isa = PBXBuildFile; fileRef = D98495CE1B09561900A8B745 /* JoinViewController.m */; };
/* End PBXBuildFile section */

/* Begin PBXContainerItemProxy section */
		D98495BC1B094F8500A8B745 /* PBXContainerItemProxy */ = {
			isa = PBXContainerItemProxy;
			containerPortal = D984959A1B094F8500A8B745 /* Project object */;
			proxyType = 1;
			remoteGlobalIDString = D98495A11B094F8500A8B745;
			remoteInfo = BitBoardiOS;
		};
/* End PBXContainerItemProxy section */

/* Begin PBXFileReference section */
		D98495A21B094F8500A8B745 /* BitBoardiOS.app */ = {isa = PBXFileReference; explicitFileType = wrapper.application; includeInIndex = 0; path = BitBoardiOS.app; sourceTree = BUILT_PRODUCTS_DIR; };
		D98495A61B094F8500A8B745 /* Info.plist */ = {isa = PBXFileReference; lastKnownFileType = text.plist.xml; path = Info.plist; sourceTree = "<group>"; };
		D98495A71B094F8500A8B745 /* main.m */ = {isa = PBXFileReference; lastKnownFileType = sourcecode.c.objc; path = main.m; sourceTree = "<group>"; };
		D98495A91B094F8500A8B745 /* AppDelegate.h */ = {isa = PBXFileReference; lastKnownFileType = sourcecode.c.h; path = AppDelegate.h; sourceTree = "<group>"; };
		D98495AA1B094F8500A8B745 /* AppDelegate.m */ = {isa = PBXFileReference; lastKnownFileType = sourcecode.c.objc; path = AppDelegate.m; sourceTree = "<group>"; };
		D98495AC1B094F8500A8B745 /* ViewController.h */ = {isa = PBXFileReference; lastKnownFileType = sourcecode.c.h; path = ViewController.h; sourceTree = "<group>"; };
		D98495AD1B094F8500A8B745 /* ViewController.m */ = {isa = PBXFileReference; lastKnownFileType = sourcecode.c.objc; path = ViewController.m; sourceTree = "<group>"; };
		D98495B01B094F8500A8B745 /* Base */ = {isa = PBXFileReference; lastKnownFileType = file.storyboard; name = Base; path = Base.lproj/Main.storyboard; sourceTree = "<group>"; };
		D98495B21B094F8500A8B745 /* Images.xcassets */ = {isa = PBXFileReference; lastKnownFileType = folder.assetcatalog; path = Images.xcassets; sourceTree = "<group>"; };
		D98495B51B094F8500A8B745 /* Base */ = {isa = PBXFileReference; lastKnownFileType = file.xib; name = Base; path = Base.lproj/LaunchScreen.xib; sourceTree = "<group>"; };
		D98495BB1B094F8500A8B745 /* BitBoardiOSTests.xctest */ = {isa = PBXFileReference; explicitFileType = wrapper.cfbundle; includeInIndex = 0; path = BitBoardiOSTests.xctest; sourceTree = BUILT_PRODUCTS_DIR; };
		D98495C01B094F8500A8B745 /* Info.plist */ = {isa = PBXFileReference; lastKnownFileType = text.plist.xml; path = Info.plist; sourceTree = "<group>"; };
		D98495C11B094F8500A8B745 /* BitBoardiOSTests.m */ = {isa = PBXFileReference; lastKnownFileType = sourcecode.c.objc; path = BitBoardiOSTests.m; sourceTree = "<group>"; };
		D98495CB1B0955A400A8B745 /* CanvasViewController.h */ = {isa = PBXFileReference; fileEncoding = 4; lastKnownFileType = sourcecode.c.h; path = CanvasViewController.h; sourceTree = "<group>"; };
		D98495CC1B0955A400A8B745 /* CanvasViewController.m */ = {isa = PBXFileReference; fileEncoding = 4; lastKnownFileType = sourcecode.c.objc; path = CanvasViewController.m; sourceTree = "<group>"; };
		D98495CE1B09561900A8B745 /* JoinViewController.m */ = {isa = PBXFileReference; fileEncoding = 4; lastKnownFileType = sourcecode.c.objc; path = JoinViewController.m; sourceTree = "<group>"; };
		D98495D01B09564000A8B745 /* JoinViewController.h */ = {isa = PBXFileReference; lastKnownFileType = sourcecode.c.h; path = JoinViewController.h; sourceTree = "<group>"; };
/* End PBXFileReference section */

/* Begin PBXFrameworksBuildPhase section */
		D984959F1B094F8500A8B745 /* Frameworks */ = {
			isa = PBXFrameworksBuildPhase;
			buildActionMask = 2147483647;
			files = (
			);
			runOnlyForDeploymentPostprocessing = 0;
		};
		D98495B81B094F8500A8B745 /* Frameworks */ = {
			isa = PBXFrameworksBuildPhase;
			buildActionMask = 2147483647;
			files = (
			);
			runOnlyForDeploymentPostprocessing = 0;
		};
/* End PBXFrameworksBuildPhase section */

/* Begin PBXGroup section */
		D98495991B094F8500A8B745 = {
			isa = PBXGroup;
			children = (
				D98495A41B094F8500A8B745 /* BitBoardiOS */,
				D98495BE1B094F8500A8B745 /* BitBoardiOSTests */,
				D98495A31B094F8500A8B745 /* Products */,
			);
			sourceTree = "<group>";
		};
		D98495A31B094F8500A8B745 /* Products */ = {
			isa = PBXGroup;
			children = (
				D98495A21B094F8500A8B745 /* BitBoardiOS.app */,
				D98495BB1B094F8500A8B745 /* BitBoardiOSTests.xctest */,
			);
			name = Products;
			sourceTree = "<group>";
		};
		D98495A41B094F8500A8B745 /* BitBoardiOS */ = {
			isa = PBXGroup;
			children = (
				D98495A91B094F8500A8B745 /* AppDelegate.h */,
				D98495AA1B094F8500A8B745 /* AppDelegate.m */,
				D98495AC1B094F8500A8B745 /* ViewController.h */,
				D98495AD1B094F8500A8B745 /* ViewController.m */,
				D98495AF1B094F8500A8B745 /* Main.storyboard */,
				D98495CB1B0955A400A8B745 /* CanvasViewController.h */,
				D98495CC1B0955A400A8B745 /* CanvasViewController.m */,
				D98495D01B09564000A8B745 /* JoinViewController.h */,
				D98495CE1B09561900A8B745 /* JoinViewController.m */,
				D98495B21B094F8500A8B745 /* Images.xcassets */,
				D98495B41B094F8500A8B745 /* LaunchScreen.xib */,
				D98495A51B094F8500A8B745 /* Supporting Files */,
			);
			path = BitBoardiOS;
			sourceTree = "<group>";
		};
		D98495A51B094F8500A8B745 /* Supporting Files */ = {
			isa = PBXGroup;
			children = (
				D98495A61B094F8500A8B745 /* Info.plist */,
				D98495A71B094F8500A8B745 /* main.m */,
			);
			name = "Supporting Files";
			sourceTree = "<group>";
		};
		D98495BE1B094F8500A8B745 /* BitBoardiOSTests */ = {
			isa = PBXGroup;
			children = (
				D98495C11B094F8500A8B745 /* BitBoardiOSTests.m */,
				D98495BF1B094F8500A8B745 /* Supporting Files */,
			);
			path = BitBoardiOSTests;
			sourceTree = "<group>";
		};
		D98495BF1B094F8500A8B745 /* Supporting Files */ = {
			isa = PBXGroup;
			children = (
				D98495C01B094F8500A8B745 /* Info.plist */,
			);
			name = "Supporting Files";
			sourceTree = "<group>";
		};
/* End PBXGroup section */

/* Begin PBXNativeTarget section */
		D98495A11B094F8500A8B745 /* BitBoardiOS */ = {
			isa = PBXNativeTarget;
			buildConfigurationList = D98495C51B094F8500A8B745 /* Build configuration list for PBXNativeTarget "BitBoardiOS" */;
			buildPhases = (
				D984959E1B094F8500A8B745 /* Sources */,
				D984959F1B094F8500A8B745 /* Frameworks */,
				D98495A01B094F8500A8B745 /* Resources */,
			);
			buildRules = (
			);
			dependencies = (
			);
			name = BitBoardiOS;
			productName = BitBoardiOS;
			productReference = D98495A21B094F8500A8B745 /* BitBoardiOS.app */;
			productType = "com.apple.product-type.application";
		};
		D98495BA1B094F8500A8B745 /* BitBoardiOSTests */ = {
			isa = PBXNativeTarget;
			buildConfigurationList = D98495C81B094F8500A8B745 /* Build configuration list for PBXNativeTarget "BitBoardiOSTests" */;
			buildPhases = (
				D98495B71B094F8500A8B745 /* Sources */,
				D98495B81B094F8500A8B745 /* Frameworks */,
				D98495B91B094F8500A8B745 /* Resources */,
			);
			buildRules = (
			);
			dependencies = (
				D98495BD1B094F8500A8B745 /* PBXTargetDependency */,
			);
			name = BitBoardiOSTests;
			productName = BitBoardiOSTests;
			productReference = D98495BB1B094F8500A8B745 /* BitBoardiOSTests.xctest */;
			productType = "com.apple.product-type.bundle.unit-test";
		};
/* End PBXNativeTarget section */

/* Begin PBXProject section */
		D984959A1B094F8500A8B745 /* Project object */ = {
			isa = PBXProject;
			attributes = {
				LastUpgradeCheck = 0610;
				ORGANIZATIONNAME = "___CS130___";
				TargetAttributes = {
					D98495A11B094F8500A8B745 = {
						CreatedOnToolsVersion = 6.1;
					};
					D98495BA1B094F8500A8B745 = {
						CreatedOnToolsVersion = 6.1;
						TestTargetID = D98495A11B094F8500A8B745;
					};
				};
			};
			buildConfigurationList = D984959D1B094F8500A8B745 /* Build configuration list for PBXProject "BitBoardiOS" */;
			compatibilityVersion = "Xcode 3.2";
			developmentRegion = English;
			hasScannedForEncodings = 0;
			knownRegions = (
				en,
				Base,
			);
			mainGroup = D98495991B094F8500A8B745;
			productRefGroup = D98495A31B094F8500A8B745 /* Products */;
			projectDirPath = "";
			projectRoot = "";
			targets = (
				D98495A11B094F8500A8B745 /* BitBoardiOS */,
				D98495BA1B094F8500A8B745 /* BitBoardiOSTests */,
			);
		};
/* End PBXProject section */

/* Begin PBXResourcesBuildPhase section */
		D98495A01B094F8500A8B745 /* Resources */ = {
			isa = PBXResourcesBuildPhase;
			buildActionMask = 2147483647;
			files = (
				D98495B11B094F8500A8B745 /* Main.storyboard in Resources */,
				D98495B61B094F8500A8B745 /* LaunchScreen.xib in Resources */,
				D98495B31B094F8500A8B745 /* Images.xcassets in Resources */,
			);
			runOnlyForDeploymentPostprocessing = 0;
		};
		D98495B91B094F8500A8B745 /* Resources */ = {
			isa = PBXResourcesBuildPhase;
			buildActionMask = 2147483647;
			files = (
			);
			runOnlyForDeploymentPostprocessing = 0;
		};
/* End PBXResourcesBuildPhase section */

/* Begin PBXSourcesBuildPhase section */
		D984959E1B094F8500A8B745 /* Sources */ = {
			isa = PBXSourcesBuildPhase;
			buildActionMask = 2147483647;
			files = (
				D98495AE1B094F8500A8B745 /* ViewController.m in Sources */,
				D98495CD1B0955A400A8B745 /* CanvasViewController.m in Sources */,
				D98495CF1B09561900A8B745 /* JoinViewController.m in Sources */,
				D98495AB1B094F8500A8B745 /* AppDelegate.m in Sources */,
				D98495A81B094F8500A8B745 /* main.m in Sources */,
			);
			runOnlyForDeploymentPostprocessing = 0;
		};
		D98495B71B094F8500A8B745 /* Sources */ = {
			isa = PBXSourcesBuildPhase;
			buildActionMask = 2147483647;
			files = (
				D98495C21B094F8500A8B745 /* BitBoardiOSTests.m in Sources */,
			);
			runOnlyForDeploymentPostprocessing = 0;
		};
/* End PBXSourcesBuildPhase section */

/* Begin PBXTargetDependency section */
		D98495BD1B094F8500A8B745 /* PBXTargetDependency */ = {
			isa = PBXTargetDependency;
			target = D98495A11B094F8500A8B745 /* BitBoardiOS */;
			targetProxy = D98495BC1B094F8500A8B745 /* PBXContainerItemProxy */;
		};
/* End PBXTargetDependency section */

/* Begin PBXVariantGroup section */
		D98495AF1B094F8500A8B745 /* Main.storyboard */ = {
			isa = PBXVariantGroup;
			children = (
				D98495B01B094F8500A8B745 /* Base */,
			);
			name = Main.storyboard;
			sourceTree = "<group>";
		};
		D98495B41B094F8500A8B745 /* LaunchScreen.xib */ = {
			isa = PBXVariantGroup;
			children = (
				D98495B51B094F8500A8B745 /* Base */,
			);
			name = LaunchScreen.xib;
			sourceTree = "<group>";
		};
/* End PBXVariantGroup section */

/* Begin XCBuildConfiguration section */
		D98495C31B094F8500A8B745 /* Debug */ = {
			isa = XCBuildConfiguration;
			buildSettings = {
				ALWAYS_SEARCH_USER_PATHS = NO;
				CLANG_CXX_LANGUAGE_STANDARD = "gnu++0x";
				CLANG_CXX_LIBRARY = "libc++";
				CLANG_ENABLE_MODULES = YES;
				CLANG_ENABLE_OBJC_ARC = YES;
				CLANG_WARN_BOOL_CONVERSION = YES;
				CLANG_WARN_CONSTANT_CONVERSION = YES;
				CLANG_WARN_DIRECT_OBJC_ISA_USAGE = YES_ERROR;
				CLANG_WARN_EMPTY_BODY = YES;
				CLANG_WARN_ENUM_CONVERSION = YES;
				CLANG_WARN_INT_CONVERSION = YES;
				CLANG_WARN_OBJC_ROOT_CLASS = YES_ERROR;
				CLANG_WARN_UNREACHABLE_CODE = YES;
				CLANG_WARN__DUPLICATE_METHOD_MATCH = YES;
				"CODE_SIGN_IDENTITY[sdk=iphoneos*]" = "iPhone Developer";
				COPY_PHASE_STRIP = NO;
				ENABLE_STRICT_OBJC_MSGSEND = YES;
				GCC_C_LANGUAGE_STANDARD = gnu99;
				GCC_DYNAMIC_NO_PIC = NO;
				GCC_OPTIMIZATION_LEVEL = 0;
				GCC_PREPROCESSOR_DEFINITIONS = (
					"DEBUG=1",
					"$(inherited)",
				);
				GCC_SYMBOLS_PRIVATE_EXTERN = NO;
				GCC_WARN_64_TO_32_BIT_CONVERSION = YES;
				GCC_WARN_ABOUT_RETURN_TYPE = YES_ERROR;
				GCC_WARN_UNDECLARED_SELECTOR = YES;
				GCC_WARN_UNINITIALIZED_AUTOS = YES_AGGRESSIVE;
				GCC_WARN_UNUSED_FUNCTION = YES;
				GCC_WARN_UNUSED_VARIABLE = YES;
				IPHONEOS_DEPLOYMENT_TARGET = 8.1;
				MTL_ENABLE_DEBUG_INFO = YES;
				ONLY_ACTIVE_ARCH = YES;
				SDKROOT = iphoneos;
				TARGETED_DEVICE_FAMILY = "1,2";
			};
			name = Debug;
		};
		D98495C41B094F8500A8B745 /* Release */ = {
			isa = XCBuildConfiguration;
			buildSettings = {
				ALWAYS_SEARCH_USER_PATHS = NO;
				CLANG_CXX_LANGUAGE_STANDARD = "gnu++0x";
				CLANG_CXX_LIBRARY = "libc++";
				CLANG_ENABLE_MODULES = YES;
				CLANG_ENABLE_OBJC_ARC = YES;
				CLANG_WARN_BOOL_CONVERSION = YES;
				CLANG_WARN_CONSTANT_CONVERSION = YES;
				CLANG_WARN_DIRECT_OBJC_ISA_USAGE = YES_ERROR;
				CLANG_WARN_EMPTY_BODY = YES;
				CLANG_WARN_ENUM_CONVERSION = YES;
				CLANG_WARN_INT_CONVERSION = YES;
				CLANG_WARN_OBJC_ROOT_CLASS = YES_ERROR;
				CLANG_WARN_UNREACHABLE_CODE = YES;
				CLANG_WARN__DUPLICATE_METHOD_MATCH = YES;
				"CODE_SIGN_IDENTITY[sdk=iphoneos*]" = "iPhone Developer";
				COPY_PHASE_STRIP = YES;
				ENABLE_NS_ASSERTIONS = NO;
				ENABLE_STRICT_OBJC_MSGSEND = YES;
				GCC_C_LANGUAGE_STANDARD = gnu99;
				GCC_WARN_64_TO_32_BIT_CONVERSION = YES;
				GCC_WARN_ABOUT_RETURN_TYPE = YES_ERROR;
				GCC_WARN_UNDECLARED_SELECTOR = YES;
				GCC_WARN_UNINITIALIZED_AUTOS = YES_AGGRESSIVE;
				GCC_WARN_UNUSED_FUNCTION = YES;
				GCC_WARN_UNUSED_VARIABLE = YES;
				IPHONEOS_DEPLOYMENT_TARGET = 8.1;
				MTL_ENABLE_DEBUG_INFO = NO;
				SDKROOT = iphoneos;
				TARGETED_DEVICE_FAMILY = "1,2";
				VALIDATE_PRODUCT = YES;
			};
			name = Release;
		};
		D98495C61B094F8500A8B745 /* Debug */ = {
			isa = XCBuildConfiguration;
			buildSettings = {
				ASSETCATALOG_COMPILER_APPICON_NAME = AppIcon;
				INFOPLIST_FILE = BitBoardiOS/Info.plist;
				LD_RUNPATH_SEARCH_PATHS = "$(inherited) @executable_path/Frameworks";
				PRODUCT_NAME = "$(TARGET_NAME)";
			};
			name = Debug;
		};
		D98495C71B094F8500A8B745 /* Release */ = {
			isa = XCBuildConfiguration;
			buildSettings = {
				ASSETCATALOG_COMPILER_APPICON_NAME = AppIcon;
				INFOPLIST_FILE = BitBoardiOS/Info.plist;
				LD_RUNPATH_SEARCH_PATHS = "$(inherited) @executable_path/Frameworks";
				PRODUCT_NAME = "$(TARGET_NAME)";
			};
			name = Release;
		};
		D98495C91B094F8500A8B745 /* Debug */ = {
			isa = XCBuildConfiguration;
			buildSettings = {
				BUNDLE_LOADER = "$(TEST_HOST)";
				FRAMEWORK_SEARCH_PATHS = (
					"$(SDKROOT)/Developer/Library/Frameworks",
					"$(inherited)",
				);
				GCC_PREPROCESSOR_DEFINITIONS = (
					"DEBUG=1",
					"$(inherited)",
				);
				INFOPLIST_FILE = BitBoardiOSTests/Info.plist;
				LD_RUNPATH_SEARCH_PATHS = "$(inherited) @executable_path/Frameworks @loader_path/Frameworks";
				PRODUCT_NAME = "$(TARGET_NAME)";
				TEST_HOST = "$(BUILT_PRODUCTS_DIR)/BitBoardiOS.app/BitBoardiOS";
			};
			name = Debug;
		};
		D98495CA1B094F8500A8B745 /* Release */ = {
			isa = XCBuildConfiguration;
			buildSettings = {
				BUNDLE_LOADER = "$(TEST_HOST)";
				FRAMEWORK_SEARCH_PATHS = (
					"$(SDKROOT)/Developer/Library/Frameworks",
					"$(inherited)",
				);
				INFOPLIST_FILE = BitBoardiOSTests/Info.plist;
				LD_RUNPATH_SEARCH_PATHS = "$(inherited) @executable_path/Frameworks @loader_path/Frameworks";
				PRODUCT_NAME = "$(TARGET_NAME)";
				TEST_HOST = "$(BUILT_PRODUCTS_DIR)/BitBoardiOS.app/BitBoardiOS";
			};
			name = Release;
		};
/* End XCBuildConfiguration section */

/* Begin XCConfigurationList section */
		D984959D1B094F8500A8B745 /* Build configuration list for PBXProject "BitBoardiOS" */ = {
			isa = XCConfigurationList;
			buildConfigurations = (
				D98495C31B094F8500A8B745 /* Debug */,
				D98495C41B094F8500A8B745 /* Release */,
			);
			defaultConfigurationIsVisible = 0;
			defaultConfigurationName = Release;
		};
		D98495C51B094F8500A8B745 /* Build configuration list for PBXNativeTarget "BitBoardiOS" */ = {
			isa = XCConfigurationList;
			buildConfigurations = (
				D98495C61B094F8500A8B745 /* Debug */,
				D98495C71B094F8500A8B745 /* Release */,
			);
			defaultConfigurationIsVisible = 0;
		};
		D98495C81B094F8500A8B745 /* Build configuration list for PBXNativeTarget "BitBoardiOSTests" */ = {
			isa = XCConfigurationList;
			buildConfigurations = (
				D98495C91B094F8500A8B745 /* Debug */,
				D98495CA1B094F8500A8B745 /* Release */,
			);
			defaultConfigurationIsVisible = 0;
		};
/* End XCConfigurationList section */
	};
	rootObject = D984959A1B094F8500A8B745 /* Project object */;
}
