// !$*UTF8*$!
{
	archiveVersion = 1;
	classes = {
	};
	objectVersion = 46;
	objects = {

/* Begin PBXBuildFile section */
		94D763711ADB2E300046F2DB /* AppDelegate.swift in Sources */ = {isa = PBXBuildFile; fileRef = 94D763701ADB2E300046F2DB /* AppDelegate.swift */; };
		94D763731ADB2E300046F2DB /* ViewController.swift in Sources */ = {isa = PBXBuildFile; fileRef = 94D763721ADB2E300046F2DB /* ViewController.swift */; };
		94D763761ADB2E300046F2DB /* Main.storyboard in Resources */ = {isa = PBXBuildFile; fileRef = 94D763741ADB2E300046F2DB /* Main.storyboard */; };
		94D763781ADB2E300046F2DB /* Images.xcassets in Resources */ = {isa = PBXBuildFile; fileRef = 94D763771ADB2E300046F2DB /* Images.xcassets */; };
		94D7637B1ADB2E300046F2DB /* LaunchScreen.xib in Resources */ = {isa = PBXBuildFile; fileRef = 94D763791ADB2E300046F2DB /* LaunchScreen.xib */; };
		94D763871ADB2E300046F2DB /* BitBoardiOSTests.swift in Sources */ = {isa = PBXBuildFile; fileRef = 94D763861ADB2E300046F2DB /* BitBoardiOSTests.swift */; };
/* End PBXBuildFile section */

/* Begin PBXContainerItemProxy section */
		94D763811ADB2E300046F2DB /* PBXContainerItemProxy */ = {
			isa = PBXContainerItemProxy;
			containerPortal = 94D763631ADB2E300046F2DB /* Project object */;
			proxyType = 1;
			remoteGlobalIDString = 94D7636A1ADB2E300046F2DB;
			remoteInfo = BitBoardiOS;
		};
/* End PBXContainerItemProxy section */

/* Begin PBXFileReference section */
		94D7636B1ADB2E300046F2DB /* BitBoardiOS.app */ = {isa = PBXFileReference; explicitFileType = wrapper.application; includeInIndex = 0; path = BitBoardiOS.app; sourceTree = BUILT_PRODUCTS_DIR; };
		94D7636F1ADB2E300046F2DB /* Info.plist */ = {isa = PBXFileReference; lastKnownFileType = text.plist.xml; path = Info.plist; sourceTree = "<group>"; };
		94D763701ADB2E300046F2DB /* AppDelegate.swift */ = {isa = PBXFileReference; lastKnownFileType = sourcecode.swift; path = AppDelegate.swift; sourceTree = "<group>"; };
		94D763721ADB2E300046F2DB /* ViewController.swift */ = {isa = PBXFileReference; lastKnownFileType = sourcecode.swift; path = ViewController.swift; sourceTree = "<group>"; };
		94D763751ADB2E300046F2DB /* Base */ = {isa = PBXFileReference; lastKnownFileType = file.storyboard; name = Base; path = Base.lproj/Main.storyboard; sourceTree = "<group>"; };
		94D763771ADB2E300046F2DB /* Images.xcassets */ = {isa = PBXFileReference; lastKnownFileType = folder.assetcatalog; path = Images.xcassets; sourceTree = "<group>"; };
		94D7637A1ADB2E300046F2DB /* Base */ = {isa = PBXFileReference; lastKnownFileType = file.xib; name = Base; path = Base.lproj/LaunchScreen.xib; sourceTree = "<group>"; };
		94D763801ADB2E300046F2DB /* BitBoardiOSTests.xctest */ = {isa = PBXFileReference; explicitFileType = wrapper.cfbundle; includeInIndex = 0; path = BitBoardiOSTests.xctest; sourceTree = BUILT_PRODUCTS_DIR; };
		94D763851ADB2E300046F2DB /* Info.plist */ = {isa = PBXFileReference; lastKnownFileType = text.plist.xml; path = Info.plist; sourceTree = "<group>"; };
		94D763861ADB2E300046F2DB /* BitBoardiOSTests.swift */ = {isa = PBXFileReference; lastKnownFileType = sourcecode.swift; path = BitBoardiOSTests.swift; sourceTree = "<group>"; };
/* End PBXFileReference section */

/* Begin PBXFrameworksBuildPhase section */
		94D763681ADB2E300046F2DB /* Frameworks */ = {
			isa = PBXFrameworksBuildPhase;
			buildActionMask = 2147483647;
			files = (
			);
			runOnlyForDeploymentPostprocessing = 0;
		};
		94D7637D1ADB2E300046F2DB /* Frameworks */ = {
			isa = PBXFrameworksBuildPhase;
			buildActionMask = 2147483647;
			files = (
			);
			runOnlyForDeploymentPostprocessing = 0;
		};
/* End PBXFrameworksBuildPhase section */

/* Begin PBXGroup section */
		94D763621ADB2E300046F2DB = {
			isa = PBXGroup;
			children = (
				94D7636D1ADB2E300046F2DB /* BitBoardiOS */,
				94D763831ADB2E300046F2DB /* BitBoardiOSTests */,
				94D7636C1ADB2E300046F2DB /* Products */,
			);
			sourceTree = "<group>";
		};
		94D7636C1ADB2E300046F2DB /* Products */ = {
			isa = PBXGroup;
			children = (
				94D7636B1ADB2E300046F2DB /* BitBoardiOS.app */,
				94D763801ADB2E300046F2DB /* BitBoardiOSTests.xctest */,
			);
			name = Products;
			sourceTree = "<group>";
		};
		94D7636D1ADB2E300046F2DB /* BitBoardiOS */ = {
			isa = PBXGroup;
			children = (
				94D763701ADB2E300046F2DB /* AppDelegate.swift */,
				94D763721ADB2E300046F2DB /* ViewController.swift */,
				94D763741ADB2E300046F2DB /* Main.storyboard */,
				94D763771ADB2E300046F2DB /* Images.xcassets */,
				94D763791ADB2E300046F2DB /* LaunchScreen.xib */,
				94D7636E1ADB2E300046F2DB /* Supporting Files */,
			);
			path = BitBoardiOS;
			sourceTree = "<group>";
		};
		94D7636E1ADB2E300046F2DB /* Supporting Files */ = {
			isa = PBXGroup;
			children = (
				94D7636F1ADB2E300046F2DB /* Info.plist */,
			);
			name = "Supporting Files";
			sourceTree = "<group>";
		};
		94D763831ADB2E300046F2DB /* BitBoardiOSTests */ = {
			isa = PBXGroup;
			children = (
				94D763861ADB2E300046F2DB /* BitBoardiOSTests.swift */,
				94D763841ADB2E300046F2DB /* Supporting Files */,
			);
			path = BitBoardiOSTests;
			sourceTree = "<group>";
		};
		94D763841ADB2E300046F2DB /* Supporting Files */ = {
			isa = PBXGroup;
			children = (
				94D763851ADB2E300046F2DB /* Info.plist */,
			);
			name = "Supporting Files";
			sourceTree = "<group>";
		};
/* End PBXGroup section */

/* Begin PBXNativeTarget section */
		94D7636A1ADB2E300046F2DB /* BitBoardiOS */ = {
			isa = PBXNativeTarget;
			buildConfigurationList = 94D7638A1ADB2E300046F2DB /* Build configuration list for PBXNativeTarget "BitBoardiOS" */;
			buildPhases = (
				94D763671ADB2E300046F2DB /* Sources */,
				94D763681ADB2E300046F2DB /* Frameworks */,
				94D763691ADB2E300046F2DB /* Resources */,
			);
			buildRules = (
			);
			dependencies = (
			);
			name = BitBoardiOS;
			productName = BitBoardiOS;
			productReference = 94D7636B1ADB2E300046F2DB /* BitBoardiOS.app */;
			productType = "com.apple.product-type.application";
		};
		94D7637F1ADB2E300046F2DB /* BitBoardiOSTests */ = {
			isa = PBXNativeTarget;
			buildConfigurationList = 94D7638D1ADB2E300046F2DB /* Build configuration list for PBXNativeTarget "BitBoardiOSTests" */;
			buildPhases = (
				94D7637C1ADB2E300046F2DB /* Sources */,
				94D7637D1ADB2E300046F2DB /* Frameworks */,
				94D7637E1ADB2E300046F2DB /* Resources */,
			);
			buildRules = (
			);
			dependencies = (
				94D763821ADB2E300046F2DB /* PBXTargetDependency */,
			);
			name = BitBoardiOSTests;
			productName = BitBoardiOSTests;
			productReference = 94D763801ADB2E300046F2DB /* BitBoardiOSTests.xctest */;
			productType = "com.apple.product-type.bundle.unit-test";
		};
/* End PBXNativeTarget section */

/* Begin PBXProject section */
		94D763631ADB2E300046F2DB /* Project object */ = {
			isa = PBXProject;
			attributes = {
				LastUpgradeCheck = 0630;
				ORGANIZATIONNAME = Nitin;
				TargetAttributes = {
					94D7636A1ADB2E300046F2DB = {
						CreatedOnToolsVersion = 6.3;
						DevelopmentTeam = 5VME5P23Q4;
					};
					94D7637F1ADB2E300046F2DB = {
						CreatedOnToolsVersion = 6.3;
						TestTargetID = 94D7636A1ADB2E300046F2DB;
					};
				};
			};
			buildConfigurationList = 94D763661ADB2E300046F2DB /* Build configuration list for PBXProject "BitBoardiOS" */;
			compatibilityVersion = "Xcode 3.2";
			developmentRegion = English;
			hasScannedForEncodings = 0;
			knownRegions = (
				en,
				Base,
			);
			mainGroup = 94D763621ADB2E300046F2DB;
			productRefGroup = 94D7636C1ADB2E300046F2DB /* Products */;
			projectDirPath = "";
			projectRoot = "";
			targets = (
				94D7636A1ADB2E300046F2DB /* BitBoardiOS */,
				94D7637F1ADB2E300046F2DB /* BitBoardiOSTests */,
			);
		};
/* End PBXProject section */

/* Begin PBXResourcesBuildPhase section */
		94D763691ADB2E300046F2DB /* Resources */ = {
			isa = PBXResourcesBuildPhase;
			buildActionMask = 2147483647;
			files = (
				94D763761ADB2E300046F2DB /* Main.storyboard in Resources */,
				94D7637B1ADB2E300046F2DB /* LaunchScreen.xib in Resources */,
				94D763781ADB2E300046F2DB /* Images.xcassets in Resources */,
			);
			runOnlyForDeploymentPostprocessing = 0;
		};
		94D7637E1ADB2E300046F2DB /* Resources */ = {
			isa = PBXResourcesBuildPhase;
			buildActionMask = 2147483647;
			files = (
			);
			runOnlyForDeploymentPostprocessing = 0;
		};
/* End PBXResourcesBuildPhase section */

/* Begin PBXSourcesBuildPhase section */
		94D763671ADB2E300046F2DB /* Sources */ = {
			isa = PBXSourcesBuildPhase;
			buildActionMask = 2147483647;
			files = (
				94D763731ADB2E300046F2DB /* ViewController.swift in Sources */,
				94D763711ADB2E300046F2DB /* AppDelegate.swift in Sources */,
			);
			runOnlyForDeploymentPostprocessing = 0;
		};
		94D7637C1ADB2E300046F2DB /* Sources */ = {
			isa = PBXSourcesBuildPhase;
			buildActionMask = 2147483647;
			files = (
				94D763871ADB2E300046F2DB /* BitBoardiOSTests.swift in Sources */,
			);
			runOnlyForDeploymentPostprocessing = 0;
		};
/* End PBXSourcesBuildPhase section */

/* Begin PBXTargetDependency section */
		94D763821ADB2E300046F2DB /* PBXTargetDependency */ = {
			isa = PBXTargetDependency;
			target = 94D7636A1ADB2E300046F2DB /* BitBoardiOS */;
			targetProxy = 94D763811ADB2E300046F2DB /* PBXContainerItemProxy */;
		};
/* End PBXTargetDependency section */

/* Begin PBXVariantGroup section */
		94D763741ADB2E300046F2DB /* Main.storyboard */ = {
			isa = PBXVariantGroup;
			children = (
				94D763751ADB2E300046F2DB /* Base */,
			);
			name = Main.storyboard;
			sourceTree = "<group>";
		};
		94D763791ADB2E300046F2DB /* LaunchScreen.xib */ = {
			isa = PBXVariantGroup;
			children = (
				94D7637A1ADB2E300046F2DB /* Base */,
			);
			name = LaunchScreen.xib;
			sourceTree = "<group>";
		};
/* End PBXVariantGroup section */

/* Begin XCBuildConfiguration section */
		94D763881ADB2E300046F2DB /* Debug */ = {
			isa = XCBuildConfiguration;
			buildSettings = {
				ALWAYS_SEARCH_USER_PATHS = NO;
				CLANG_CXX_LANGUAGE_STANDARD = "gnu++0x";
				CLANG_CXX_LIBRARY = "libc++";
				CLANG_ENABLE_MODULES = YES;
				CLANG_ENABLE_OBJC_ARC = YES;
				CLANG_WARN_BOOL_CONVERSION = YES;
				CLANG_WARN_CONSTANT_CONVERSION = YES;
				CLANG_WARN_DIRECT_OBJC_ISA_USAGE = YES_ERROR;
				CLANG_WARN_EMPTY_BODY = YES;
				CLANG_WARN_ENUM_CONVERSION = YES;
				CLANG_WARN_INT_CONVERSION = YES;
				CLANG_WARN_OBJC_ROOT_CLASS = YES_ERROR;
				CLANG_WARN_UNREACHABLE_CODE = YES;
				CLANG_WARN__DUPLICATE_METHOD_MATCH = YES;
				"CODE_SIGN_IDENTITY[sdk=iphoneos*]" = "iPhone Developer";
				COPY_PHASE_STRIP = NO;
				DEBUG_INFORMATION_FORMAT = "dwarf-with-dsym";
				ENABLE_STRICT_OBJC_MSGSEND = YES;
				GCC_C_LANGUAGE_STANDARD = gnu99;
				GCC_DYNAMIC_NO_PIC = NO;
				GCC_NO_COMMON_BLOCKS = YES;
				GCC_OPTIMIZATION_LEVEL = 0;
				GCC_PREPROCESSOR_DEFINITIONS = (
					"DEBUG=1",
					"$(inherited)",
				);
				GCC_SYMBOLS_PRIVATE_EXTERN = NO;
				GCC_WARN_64_TO_32_BIT_CONVERSION = YES;
				GCC_WARN_ABOUT_RETURN_TYPE = YES_ERROR;
				GCC_WARN_UNDECLARED_SELECTOR = YES;
				GCC_WARN_UNINITIALIZED_AUTOS = YES_AGGRESSIVE;
				GCC_WARN_UNUSED_FUNCTION = YES;
				GCC_WARN_UNUSED_VARIABLE = YES;
				IPHONEOS_DEPLOYMENT_TARGET = 8.3;
				MTL_ENABLE_DEBUG_INFO = YES;
				ONLY_ACTIVE_ARCH = YES;
				SDKROOT = iphoneos;
				SWIFT_OPTIMIZATION_LEVEL = "-Onone";
				TARGETED_DEVICE_FAMILY = "1,2";
			};
			name = Debug;
		};
		94D763891ADB2E300046F2DB /* Release */ = {
			isa = XCBuildConfiguration;
			buildSettings = {
				ALWAYS_SEARCH_USER_PATHS = NO;
				CLANG_CXX_LANGUAGE_STANDARD = "gnu++0x";
				CLANG_CXX_LIBRARY = "libc++";
				CLANG_ENABLE_MODULES = YES;
				CLANG_ENABLE_OBJC_ARC = YES;
				CLANG_WARN_BOOL_CONVERSION = YES;
				CLANG_WARN_CONSTANT_CONVERSION = YES;
				CLANG_WARN_DIRECT_OBJC_ISA_USAGE = YES_ERROR;
				CLANG_WARN_EMPTY_BODY = YES;
				CLANG_WARN_ENUM_CONVERSION = YES;
				CLANG_WARN_INT_CONVERSION = YES;
				CLANG_WARN_OBJC_ROOT_CLASS = YES_ERROR;
				CLANG_WARN_UNREACHABLE_CODE = YES;
				CLANG_WARN__DUPLICATE_METHOD_MATCH = YES;
				"CODE_SIGN_IDENTITY[sdk=iphoneos*]" = "iPhone Developer";
				COPY_PHASE_STRIP = NO;
				DEBUG_INFORMATION_FORMAT = "dwarf-with-dsym";
				ENABLE_NS_ASSERTIONS = NO;
				ENABLE_STRICT_OBJC_MSGSEND = YES;
				GCC_C_LANGUAGE_STANDARD = gnu99;
				GCC_NO_COMMON_BLOCKS = YES;
				GCC_WARN_64_TO_32_BIT_CONVERSION = YES;
				GCC_WARN_ABOUT_RETURN_TYPE = YES_ERROR;
				GCC_WARN_UNDECLARED_SELECTOR = YES;
				GCC_WARN_UNINITIALIZED_AUTOS = YES_AGGRESSIVE;
				GCC_WARN_UNUSED_FUNCTION = YES;
				GCC_WARN_UNUSED_VARIABLE = YES;
				IPHONEOS_DEPLOYMENT_TARGET = 8.3;
				MTL_ENABLE_DEBUG_INFO = NO;
				SDKROOT = iphoneos;
				TARGETED_DEVICE_FAMILY = "1,2";
				VALIDATE_PRODUCT = YES;
			};
			name = Release;
		};
		94D7638B1ADB2E300046F2DB /* Debug */ = {
			isa = XCBuildConfiguration;
			buildSettings = {
				ASSETCATALOG_COMPILER_APPICON_NAME = AppIcon;
				CODE_SIGN_IDENTITY = "iPhone Developer";
				"CODE_SIGN_IDENTITY[sdk=iphoneos*]" = "iPhone Developer";
				INFOPLIST_FILE = BitBoardiOS/Info.plist;
				IPHONEOS_DEPLOYMENT_TARGET = 8.1;
				LD_RUNPATH_SEARCH_PATHS = "$(inherited) @executable_path/Frameworks";
				PRODUCT_NAME = "$(TARGET_NAME)";
				PROVISIONING_PROFILE = "";
				TARGETED_DEVICE_FAMILY = 1;
			};
			name = Debug;
		};
		94D7638C1ADB2E300046F2DB /* Release */ = {
			isa = XCBuildConfiguration;
			buildSettings = {
				ASSETCATALOG_COMPILER_APPICON_NAME = AppIcon;
				CODE_SIGN_IDENTITY = "iPhone Developer";
				"CODE_SIGN_IDENTITY[sdk=iphoneos*]" = "iPhone Developer";
				INFOPLIST_FILE = BitBoardiOS/Info.plist;
				IPHONEOS_DEPLOYMENT_TARGET = 8.1;
				LD_RUNPATH_SEARCH_PATHS = "$(inherited) @executable_path/Frameworks";
				PRODUCT_NAME = "$(TARGET_NAME)";
				PROVISIONING_PROFILE = "";
				TARGETED_DEVICE_FAMILY = 1;
			};
			name = Release;
		};
		94D7638E1ADB2E300046F2DB /* Debug */ = {
			isa = XCBuildConfiguration;
			buildSettings = {
				BUNDLE_LOADER = "$(TEST_HOST)";
				FRAMEWORK_SEARCH_PATHS = (
					"$(SDKROOT)/Developer/Library/Frameworks",
					"$(inherited)",
				);
				GCC_PREPROCESSOR_DEFINITIONS = (
					"DEBUG=1",
					"$(inherited)",
				);
				INFOPLIST_FILE = BitBoardiOSTests/Info.plist;
				LD_RUNPATH_SEARCH_PATHS = "$(inherited) @executable_path/Frameworks @loader_path/Frameworks";
				PRODUCT_NAME = "$(TARGET_NAME)";
				TEST_HOST = "$(BUILT_PRODUCTS_DIR)/BitBoardiOS.app/BitBoardiOS";
			};
			name = Debug;
		};
		94D7638F1ADB2E300046F2DB /* Release */ = {
			isa = XCBuildConfiguration;
			buildSettings = {
				BUNDLE_LOADER = "$(TEST_HOST)";
				FRAMEWORK_SEARCH_PATHS = (
					"$(SDKROOT)/Developer/Library/Frameworks",
					"$(inherited)",
				);
				INFOPLIST_FILE = BitBoardiOSTests/Info.plist;
				LD_RUNPATH_SEARCH_PATHS = "$(inherited) @executable_path/Frameworks @loader_path/Frameworks";
				PRODUCT_NAME = "$(TARGET_NAME)";
				TEST_HOST = "$(BUILT_PRODUCTS_DIR)/BitBoardiOS.app/BitBoardiOS";
			};
			name = Release;
		};
/* End XCBuildConfiguration section */

/* Begin XCConfigurationList section */
		94D763661ADB2E300046F2DB /* Build configuration list for PBXProject "BitBoardiOS" */ = {
			isa = XCConfigurationList;
			buildConfigurations = (
				94D763881ADB2E300046F2DB /* Debug */,
				94D763891ADB2E300046F2DB /* Release */,
			);
			defaultConfigurationIsVisible = 0;
			defaultConfigurationName = Release;
		};
		94D7638A1ADB2E300046F2DB /* Build configuration list for PBXNativeTarget "BitBoardiOS" */ = {
			isa = XCConfigurationList;
			buildConfigurations = (
				94D7638B1ADB2E300046F2DB /* Debug */,
				94D7638C1ADB2E300046F2DB /* Release */,
			);
			defaultConfigurationIsVisible = 0;
			defaultConfigurationName = Release;
		};
		94D7638D1ADB2E300046F2DB /* Build configuration list for PBXNativeTarget "BitBoardiOSTests" */ = {
			isa = XCConfigurationList;
			buildConfigurations = (
				94D7638E1ADB2E300046F2DB /* Debug */,
				94D7638F1ADB2E300046F2DB /* Release */,
			);
			defaultConfigurationIsVisible = 0;
			defaultConfigurationName = Release;
		};
/* End XCConfigurationList section */
	};
	rootObject = 94D763631ADB2E300046F2DB /* Project object */;
}
